
Microsoft Visual Studio Solution File, Format Version 12.00
# Visual Studio 15
VisualStudioVersion = 15.0.28307.757
MinimumVisualStudioVersion = 10.0.40219.1
Project("{FAE04EC0-301F-11D3-BF4B-00C04F79EFBC}") = "Shop", "Shop\Shop.csproj", "{852470CF-27DB-47BA-A859-36283E01FEE3}"
EndProject
Project("{FAE04EC0-301F-11D3-BF4B-00C04F79EFBC}") = "ShopTests", "ShopTests\ShopTests.csproj", "{5AA7C0DA-4285-4AC5-8307-C0A7E5CAE2EB}"
EndProject
Global
	GlobalSection(SolutionConfigurationPlatforms) = preSolution
		Debug|Any CPU = Debug|Any CPU
		Release|Any CPU = Release|Any CPU
	EndGlobalSection
	GlobalSection(ProjectConfigurationPlatforms) = postSolution
		{852470CF-27DB-47BA-A859-36283E01FEE3}.Debug|Any CPU.ActiveCfg = Debug|Any CPU
		{852470CF-27DB-47BA-A859-36283E01FEE3}.Debug|Any CPU.Build.0 = Debug|Any CPU
		{852470CF-27DB-47BA-A859-36283E01FEE3}.Release|Any CPU.ActiveCfg = Release|Any CPU
		{852470CF-27DB-47BA-A859-36283E01FEE3}.Release|Any CPU.Build.0 = Release|Any CPU
		{5AA7C0DA-4285-4AC5-8307-C0A7E5CAE2EB}.Debug|Any CPU.ActiveCfg = Debug|Any CPU
		{5AA7C0DA-4285-4AC5-8307-C0A7E5CAE2EB}.Debug|Any CPU.Build.0 = Debug|Any CPU
		{5AA7C0DA-4285-4AC5-8307-C0A7E5CAE2EB}.Release|Any CPU.ActiveCfg = Release|Any CPU
		{5AA7C0DA-4285-4AC5-8307-C0A7E5CAE2EB}.Release|Any CPU.Build.0 = Release|Any CPU
	EndGlobalSection
	GlobalSection(SolutionProperties) = preSolution
		HideSolutionNode = FALSE
	EndGlobalSection
	GlobalSection(ExtensibilityGlobals) = postSolution
		SolutionGuid = {3590CEFA-1C7C-49FF-86E6-F1008B6EDA20}
	EndGlobalSection
EndGlobal
